
Microsoft Visual Studio Solution File, Format Version 12.00
# Visual Studio Version 17
VisualStudioVersion = 17.11.35312.102
MinimumVisualStudioVersion = 10.0.40219.1
Project("{FAE04EC0-301F-11D3-BF4B-00C04F79EFBC}") = "TtsApp.UI", "TtsApp.UI\TtsApp.UI.csproj", "{87E2D0EE-3021-474D-AC7F-93EF93CC6CC8}"
EndProject
Project("{FAE04EC0-301F-11D3-BF4B-00C04F79EFBC}") = "TtsApp.Engine", "TtsApp.Engine\TtsApp.Engine.csproj", "{FFEFCB1E-99CD-49F2-B25D-3C2A0A6C00A0}"
EndProject
Project("{FAE04EC0-301F-11D3-BF4B-00C04F79EFBC}") = "TtsApp.Tests", "TtsApp.Tests\TtsApp.Tests.csproj", "{BB21E694-B98F-4302-986A-E63FB1B79F25}"
EndProject
Project("{FAE04EC0-301F-11D3-BF4B-00C04F79EFBC}") = "TtsApp.Console", "TtsApp.Console\TtsApp.Console.csproj", "{E10539C4-5C6D-4290-A762-86CEF1906996}"
EndProject
Global
	GlobalSection(SolutionConfigurationPlatforms) = preSolution
		Debug|Any CPU = Debug|Any CPU
		Release|Any CPU = Release|Any CPU
	EndGlobalSection
	GlobalSection(ProjectConfigurationPlatforms) = postSolution
		{87E2D0EE-3021-474D-AC7F-93EF93CC6CC8}.Debug|Any CPU.ActiveCfg = Debug|Any CPU
		{87E2D0EE-3021-474D-AC7F-93EF93CC6CC8}.Debug|Any CPU.Build.0 = Debug|Any CPU
		{87E2D0EE-3021-474D-AC7F-93EF93CC6CC8}.Debug|Any CPU.Deploy.0 = Debug|Any CPU
		{87E2D0EE-3021-474D-AC7F-93EF93CC6CC8}.Release|Any CPU.ActiveCfg = Release|Any CPU
		{87E2D0EE-3021-474D-AC7F-93EF93CC6CC8}.Release|Any CPU.Build.0 = Release|Any CPU
		{87E2D0EE-3021-474D-AC7F-93EF93CC6CC8}.Release|Any CPU.Deploy.0 = Release|Any CPU
		{FFEFCB1E-99CD-49F2-B25D-3C2A0A6C00A0}.Debug|Any CPU.ActiveCfg = Debug|Any CPU
		{FFEFCB1E-99CD-49F2-B25D-3C2A0A6C00A0}.Debug|Any CPU.Build.0 = Debug|Any CPU
		{FFEFCB1E-99CD-49F2-B25D-3C2A0A6C00A0}.Release|Any CPU.ActiveCfg = Release|Any CPU
		{FFEFCB1E-99CD-49F2-B25D-3C2A0A6C00A0}.Release|Any CPU.Build.0 = Release|Any CPU
		{BB21E694-B98F-4302-986A-E63FB1B79F25}.Debug|Any CPU.ActiveCfg = Debug|Any CPU
		{BB21E694-B98F-4302-986A-E63FB1B79F25}.Debug|Any CPU.Build.0 = Debug|Any CPU
		{BB21E694-B98F-4302-986A-E63FB1B79F25}.Release|Any CPU.ActiveCfg = Release|Any CPU
		{BB21E694-B98F-4302-986A-E63FB1B79F25}.Release|Any CPU.Build.0 = Release|Any CPU
		{E10539C4-5C6D-4290-A762-86CEF1906996}.Debug|Any CPU.ActiveCfg = Debug|Any CPU
		{E10539C4-5C6D-4290-A762-86CEF1906996}.Debug|Any CPU.Build.0 = Debug|Any CPU
		{E10539C4-5C6D-4290-A762-86CEF1906996}.Release|Any CPU.ActiveCfg = Release|Any CPU
		{E10539C4-5C6D-4290-A762-86CEF1906996}.Release|Any CPU.Build.0 = Release|Any CPU
	EndGlobalSection
	GlobalSection(SolutionProperties) = preSolution
		HideSolutionNode = FALSE
	EndGlobalSection
	GlobalSection(ExtensibilityGlobals) = postSolution
		SolutionGuid = {D7CBA75A-CD4C-447B-B0E4-2EAF116055FB}
	EndGlobalSection
EndGlobal
